
Microsoft Visual Studio Solution File, Format Version 12.00
# Visual Studio Version 17
VisualStudioVersion = 17.5.002.0
MinimumVisualStudioVersion = 10.0.40219.1
Project("{9A19103F-16F7-4668-BE54-9A1E7A4F7556}") = "PillPallAPI", "PillPallAPI.csproj", "{1A7DAD42-F4CE-425E-BA03-BC8ACB533677}"
EndProject
Global
	GlobalSection(SolutionConfigurationPlatforms) = preSolution
		Debug|Any CPU = Debug|Any CPU
		Release|Any CPU = Release|Any CPU
	EndGlobalSection
	GlobalSection(ProjectConfigurationPlatforms) = postSolution
		{1A7DAD42-F4CE-425E-BA03-BC8ACB533677}.Debug|Any CPU.ActiveCfg = Debug|Any CPU
		{1A7DAD42-F4CE-425E-BA03-BC8ACB533677}.Debug|Any CPU.Build.0 = Debug|Any CPU
		{1A7DAD42-F4CE-425E-BA03-BC8ACB533677}.Release|Any CPU.ActiveCfg = Release|Any CPU
		{1A7DAD42-F4CE-425E-BA03-BC8ACB533677}.Release|Any CPU.Build.0 = Release|Any CPU
	EndGlobalSection
	GlobalSection(SolutionProperties) = preSolution
		HideSolutionNode = FALSE
	EndGlobalSection
	GlobalSection(ExtensibilityGlobals) = postSolution
		SolutionGuid = {8C041AEF-301F-4C08-BCD0-48BAED473397}
	EndGlobalSection
EndGlobal
